
Microsoft Visual Studio Solution File, Format Version 12.00
# Visual Studio Version 17
VisualStudioVersion = 17.3.32901.215
MinimumVisualStudioVersion = 10.0.40219.1
Project("{FAE04EC0-301F-11D3-BF4B-00C04F79EFBC}") = "P5_1_1214058", "P5_1_1214058\P5_1_1214058.csproj", "{95BC0F52-3F25-47DF-A5A8-9969C11C4AF6}"
EndProject
Global
	GlobalSection(SolutionConfigurationPlatforms) = preSolution
		Debug|Any CPU = Debug|Any CPU
		Release|Any CPU = Release|Any CPU
	EndGlobalSection
	GlobalSection(ProjectConfigurationPlatforms) = postSolution
		{95BC0F52-3F25-47DF-A5A8-9969C11C4AF6}.Debug|Any CPU.ActiveCfg = Debug|Any CPU
		{95BC0F52-3F25-47DF-A5A8-9969C11C4AF6}.Debug|Any CPU.Build.0 = Debug|Any CPU
		{95BC0F52-3F25-47DF-A5A8-9969C11C4AF6}.Release|Any CPU.ActiveCfg = Release|Any CPU
		{95BC0F52-3F25-47DF-A5A8-9969C11C4AF6}.Release|Any CPU.Build.0 = Release|Any CPU
	EndGlobalSection
	GlobalSection(SolutionProperties) = preSolution
		HideSolutionNode = FALSE
	EndGlobalSection
	GlobalSection(ExtensibilityGlobals) = postSolution
		SolutionGuid = {DFD22777-BF82-4C8C-B166-55C394D76AB4}
	EndGlobalSection
EndGlobal
